
Microsoft Visual Studio Solution File, Format Version 12.00
# Visual Studio Version 17
VisualStudioVersion = 17.8.34525.116
MinimumVisualStudioVersion = 10.0.40219.1
Project("{FAE04EC0-301F-11D3-BF4B-00C04F79EFBC}") = "DatabaseCreating", "DatabaseCreating\DatabaseCreating.csproj", "{4974B25A-F665-42D2-8185-EB2DEA112224}"
EndProject
Global
	GlobalSection(SolutionConfigurationPlatforms) = preSolution
		Debug|Any CPU = Debug|Any CPU
		Release|Any CPU = Release|Any CPU
	EndGlobalSection
	GlobalSection(ProjectConfigurationPlatforms) = postSolution
		{4974B25A-F665-42D2-8185-EB2DEA112224}.Debug|Any CPU.ActiveCfg = Debug|Any CPU
		{4974B25A-F665-42D2-8185-EB2DEA112224}.Debug|Any CPU.Build.0 = Debug|Any CPU
		{4974B25A-F665-42D2-8185-EB2DEA112224}.Release|Any CPU.ActiveCfg = Release|Any CPU
		{4974B25A-F665-42D2-8185-EB2DEA112224}.Release|Any CPU.Build.0 = Release|Any CPU
	EndGlobalSection
	GlobalSection(SolutionProperties) = preSolution
		HideSolutionNode = FALSE
	EndGlobalSection
	GlobalSection(ExtensibilityGlobals) = postSolution
		SolutionGuid = {8AA3A608-E385-4175-B292-BCDEDEC6EEFD}
	EndGlobalSection
EndGlobal
